{
  "name": "CoastGuard",
  "version": "0.1.0",
  "lockfileVersion": 1,
  "requires": true,
  "dependencies": {
    "array-enhancements": {
      "version": "0.1.1",
      "resolved": "https://registry.npmjs.org/array-enhancements/-/array-enhancements-0.1.1.tgz",
      "integrity": "sha1-7o13QbbEFjueEDd/suZR7qzUw/g="
    },
    "cron": {
      "version": "1.2.1",
      "resolved": "https://registry.npmjs.org/cron/-/cron-1.2.1.tgz",
      "integrity": "sha1-OobAm0G48mGshjp8yF6kc1hX6rI=",
      "requires": {
        "moment-timezone": "0.5.11"
      }
    },
    "debug": {
      "version": "2.2.0",
      "resolved": "https://registry.npmjs.org/debug/-/debug-2.2.0.tgz",
      "integrity": "sha1-+HBX6ZWxofauaklgZkE3vFbwOdo=",
      "requires": {
        "ms": "0.7.1"
      }
    },
    "emailjs-addressparser": {
      "version": "2.0.2",
      "resolved": "https://registry.npmjs.org/emailjs-addressparser/-/emailjs-addressparser-2.0.2.tgz",
      "integrity": "sha512-E6ztFf1ePtZEwqfN3aWsvZNcpBeDqgJbVL4D32dckHkcwdhJ1bhlE4MLvHBf/IoXQmJBgkKlwGP5/5l11EE5OQ=="
    },
    "emailjs-base64": {
      "version": "1.1.4",
      "resolved": "https://registry.npmjs.org/emailjs-base64/-/emailjs-base64-1.1.4.tgz",
      "integrity": "sha512-4h0xp1jgVTnIQBHxSJWXWanNnmuc5o+k4aHEpcLXSToN8asjB5qbXAexs7+PEsUKcEyBteNYsSvXUndYT2CGGA=="
    },
    "emailjs-imap-client": {
      "version": "3.0.7",
      "resolved": "https://registry.npmjs.org/emailjs-imap-client/-/emailjs-imap-client-3.0.7.tgz",
      "integrity": "sha512-iBgoo+l/Dt86qFfaKlvlvNBAL4cKywvuNXzsu0RWK9eozETE3Okfhm3wDX9KPpdViM4uBE/roaM2PfibrtlQtA==",
      "requires": {
        "emailjs-addressparser": "2.0.2",
        "emailjs-base64": "1.1.4",
        "emailjs-imap-handler": "3.0.2",
        "emailjs-mime-codec": "2.0.7",
        "emailjs-tcp-socket": "2.0.2",
        "emailjs-utf7": "4.0.1",
        "pako": "1.0.6",
        "ramda": "0.25.0"
      }
    },
    "emailjs-imap-handler": {
      "version": "3.0.2",
      "resolved": "https://registry.npmjs.org/emailjs-imap-handler/-/emailjs-imap-handler-3.0.2.tgz",
      "integrity": "sha512-hngAGSBVyWYjX8iEWv7rB5xvxR4h+7FCU4HUATTvqE9ALOaeEQ+j9ul9qwR9voR7EUJDzkafu3FFa72A0gnJpg==",
      "requires": {
        "ramda": "0.25.0"
      }
    },
    "emailjs-mime-codec": {
      "version": "2.0.7",
      "resolved": "https://registry.npmjs.org/emailjs-mime-codec/-/emailjs-mime-codec-2.0.7.tgz",
      "integrity": "sha512-Jeg3L2/39Bpi8bFfnVEPm1iGPSyYCrPmMkjhimmy9ao/PFtcXJaGcANQWvWciH+jUcOn5Pto+MMCYOI1h7pNxA==",
      "requires": {
        "emailjs-base64": "1.1.4",
        "ramda": "0.25.0",
        "text-encoding": "0.6.4"
      }
    },
    "emailjs-tcp-socket": {
      "version": "2.0.2",
      "resolved": "https://registry.npmjs.org/emailjs-tcp-socket/-/emailjs-tcp-socket-2.0.2.tgz",
      "integrity": "sha512-ro2G1WS7UQwFNpjrWRK6awjsBjG00Y4AxSEvuG1YUORzIqnzdOUVmaHnptZ8UFDPYglsu8O4nm6+luflmTy3Qg==",
      "requires": {
        "node-forge": "0.7.5",
        "ramda": "0.25.0"
      }
    },
    "emailjs-utf7": {
      "version": "4.0.1",
      "resolved": "https://registry.npmjs.org/emailjs-utf7/-/emailjs-utf7-4.0.1.tgz",
      "integrity": "sha512-bvBpXUEr3alogZjqwVasCKSjfzxleQ1TeO9NBtG4FvS2nfQDvzSW2gqEU0VcZJ6hD/xGl5j0kZiGegPHvgVyww==",
      "requires": {
        "emailjs-base64": "1.1.4"
      }
    },
    "function-enhancements": {
      "version": "0.1.0",
      "resolved": "https://registry.npmjs.org/function-enhancements/-/function-enhancements-0.1.0.tgz",
      "integrity": "sha1-rlOhePbbwz4iARxxkwrhexElQb4="
    },
    "lodash": {
      "version": "4.17.4",
      "resolved": "https://registry.npmjs.org/lodash/-/lodash-4.17.4.tgz",
      "integrity": "sha1-eCA6TRwyiuHYbcpkYONptX9AVa4="
    },
    "mandrill-api": {
      "version": "1.0.45",
      "resolved": "https://registry.npmjs.org/mandrill-api/-/mandrill-api-1.0.45.tgz",
      "integrity": "sha1-Fjk5z0hr0YJ3sPO69BLD5l2Epy0="
    },
    "marked": {
      "version": "0.3.6",
      "resolved": "https://registry.npmjs.org/marked/-/marked-0.3.6.tgz",
      "integrity": "sha1-ssbGGPzOzk74bE/Gy4p8v1rtqNc="
    },
    "moment": {
      "version": "2.17.1",
      "resolved": "https://registry.npmjs.org/moment/-/moment-2.17.1.tgz",
      "integrity": "sha1-/tlQYGPzaxDwZsi1mhRNf66+HYI="
    },
    "moment-timezone": {
      "version": "0.5.11",
      "resolved": "https://registry.npmjs.org/moment-timezone/-/moment-timezone-0.5.11.tgz",
      "integrity": "sha1-m3bAPY71FMfkJJp7vOZJ7tOe8p8=",
      "requires": {
        "moment": "2.17.1"
      }
    },
    "ms": {
      "version": "0.7.1",
      "resolved": "https://registry.npmjs.org/ms/-/ms-0.7.1.tgz",
      "integrity": "sha1-nNE8A62/8ltl7/3nzoZO6VIBcJg="
    },
    "mustache": {
      "version": "1.2.0",
      "resolved": "https://registry.npmjs.org/mustache/-/mustache-1.2.0.tgz",
      "integrity": "sha1-bN7BywN5h5KpSPjMU61p2g0N1cg="
    },
    "next-tick": {
      "version": "0.1.0",
      "resolved": "https://registry.npmjs.org/next-tick/-/next-tick-0.1.0.tgz",
      "integrity": "sha1-GRLM6OubaX1kD7upT48A3sO5Qlk="
    },
    "node-class": {
      "version": "0.3.12",
      "resolved": "https://registry.npmjs.org/node-class/-/node-class-0.3.12.tgz",
      "integrity": "sha1-/o69Nrn0PzIQ/VJLP2dDpki9a0U=",
      "requires": {
        "array-enhancements": "0.1.1",
        "function-enhancements": "0.1.0",
        "object-enhancements": "0.1.1"
      }
    },
    "node-forge": {
      "version": "0.7.5",
      "resolved": "https://registry.npmjs.org/node-forge/-/node-forge-0.7.5.tgz",
      "integrity": "sha512-MmbQJ2MTESTjt3Gi/3yG1wGpIMhUfcIypUCGtTizFR9IiccFwxSpfp0vtIZlkFclEqERemxfnSdZEMR9VqqEFQ=="
    },
    "node-rest-client": {
      "version": "1.8.0",
      "resolved": "https://registry.npmjs.org/node-rest-client/-/node-rest-client-1.8.0.tgz",
      "integrity": "sha1-jTxWa4F+JzlMtyc3g6Qcrv4+WVU=",
      "requires": {
        "debug": "2.2.0",
        "xml2js": "0.4.17"
      }
    },
    "node-serial": {
      "version": "0.1.1",
      "resolved": "https://registry.npmjs.org/node-serial/-/node-serial-0.1.1.tgz",
      "integrity": "sha1-N2b6lhTCDG8n03E/m9jFZ0f7uMk=",
      "requires": {
        "next-tick": "0.1.0"
      }
    },
    "object-enhancements": {
      "version": "0.1.1",
      "resolved": "https://registry.npmjs.org/object-enhancements/-/object-enhancements-0.1.1.tgz",
      "integrity": "sha1-BJU9+j74l9DL+VDzuMdliVMyLzM="
    },
    "pako": {
      "version": "1.0.6",
      "resolved": "https://registry.npmjs.org/pako/-/pako-1.0.6.tgz",
      "integrity": "sha512-lQe48YPsMJAig+yngZ87Lus+NF+3mtu7DVOBu6b/gHO1YpKwIj5AWjZ/TOS7i46HD/UixzWb1zeWDZfGZ3iYcg=="
    },
    "promised-io": {
      "version": "0.3.5",
      "resolved": "https://registry.npmjs.org/promised-io/-/promised-io-0.3.5.tgz",
      "integrity": "sha1-StIXuzZYvKrplGsXqGaOzYUeE1Y="
    },
    "ramda": {
      "version": "0.25.0",
      "resolved": "https://registry.npmjs.org/ramda/-/ramda-0.25.0.tgz",
      "integrity": "sha512-GXpfrYVPwx3K7RQ6aYT8KPS8XViSXUVJT1ONhoKPE9VAleW42YE+U+8VEyGWt41EnEQW7gwecYJriTI0pKoecQ=="
    },
    "sax": {
      "version": "1.2.1",
      "resolved": "https://registry.npmjs.org/sax/-/sax-1.2.1.tgz",
      "integrity": "sha1-e45lYZCyKOgaZq6nSEgNgozS03o="
    },
    "string": {
      "version": "3.3.3",
      "resolved": "https://registry.npmjs.org/string/-/string-3.3.3.tgz",
      "integrity": "sha1-XqIRzZLSKOGEKUmQpsyXs2anfLA="
    },
    "text-encoding": {
      "version": "0.6.4",
      "resolved": "https://registry.npmjs.org/text-encoding/-/text-encoding-0.6.4.tgz",
      "integrity": "sha1-45mpgiV6J22uQou5KEXLcb3CbRk="
    },
    "xml2js": {
      "version": "0.4.17",
      "resolved": "https://registry.npmjs.org/xml2js/-/xml2js-0.4.17.tgz",
      "integrity": "sha1-F76T6q4/O3eTWceVtBlwWogX6Gg=",
      "requires": {
        "sax": "1.2.1",
        "xmlbuilder": "4.2.1"
      }
    },
    "xmlbuilder": {
      "version": "4.2.1",
      "resolved": "https://registry.npmjs.org/xmlbuilder/-/xmlbuilder-4.2.1.tgz",
      "integrity": "sha1-qlijBBoGb5DqoWwvU4n/GfP0YaU=",
      "requires": {
        "lodash": "4.17.4"
      }
    }
  }
}
